
Microsoft Visual Studio Solution File, Format Version 12.00
# Visual Studio 15
VisualStudioVersion = 15.0.26124.0
MinimumVisualStudioVersion = 15.0.26124.0
Project("{2150E333-8FDC-42A3-9474-1A3956D46DE8}") = "src", "src", "{06F5FA4A-1670-4B0F-945D-3CCF52074698}"
EndProject
Project("{FAE04EC0-301F-11D3-BF4B-00C04F79EFBC}") = "Market.Web", "src\Market.Web\Market.Web.csproj", "{526931AF-3CFB-47A8-B2C0-377E4992BBC3}"
EndProject
Project("{FAE04EC0-301F-11D3-BF4B-00C04F79EFBC}") = "Market.Application", "src\Market.Application\Market.Application.csproj", "{E4D720DE-183F-4309-AD9B-3DCE1B8CDAC2}"
EndProject
Project("{FAE04EC0-301F-11D3-BF4B-00C04F79EFBC}") = "Market.Core", "src\Market.Core\Market.Core.csproj", "{53426F66-F194-48B5-9F46-33829A141E98}"
EndProject
Project("{FAE04EC0-301F-11D3-BF4B-00C04F79EFBC}") = "Market.Infrastructure", "src\Market.Infrastructure\Market.Infrastructure.csproj", "{260A090D-AC62-41B0-B682-56B1A8C006E3}"
EndProject
Project("{2150E333-8FDC-42A3-9474-1A3956D46DE8}") = "tests", "tests", "{BDF61BCC-9F7C-4D29-9567-535ACEA81892}"
EndProject
Project("{FAE04EC0-301F-11D3-BF4B-00C04F79EFBC}") = "Market.Tests.Integration", "tests\Market.Tests.Integration\Market.Tests.Integration.csproj", "{86EEA46C-2975-4E06-B33F-C944D2DB223D}"
EndProject
Global
	GlobalSection(SolutionConfigurationPlatforms) = preSolution
		Debug|Any CPU = Debug|Any CPU
		Debug|x64 = Debug|x64
		Debug|x86 = Debug|x86
		Release|Any CPU = Release|Any CPU
		Release|x64 = Release|x64
		Release|x86 = Release|x86
	EndGlobalSection
	GlobalSection(SolutionProperties) = preSolution
		HideSolutionNode = FALSE
	EndGlobalSection
	GlobalSection(ProjectConfigurationPlatforms) = postSolution
		{526931AF-3CFB-47A8-B2C0-377E4992BBC3}.Debug|Any CPU.ActiveCfg = Debug|Any CPU
		{526931AF-3CFB-47A8-B2C0-377E4992BBC3}.Debug|Any CPU.Build.0 = Debug|Any CPU
		{526931AF-3CFB-47A8-B2C0-377E4992BBC3}.Debug|x64.ActiveCfg = Debug|Any CPU
		{526931AF-3CFB-47A8-B2C0-377E4992BBC3}.Debug|x64.Build.0 = Debug|Any CPU
		{526931AF-3CFB-47A8-B2C0-377E4992BBC3}.Debug|x86.ActiveCfg = Debug|Any CPU
		{526931AF-3CFB-47A8-B2C0-377E4992BBC3}.Debug|x86.Build.0 = Debug|Any CPU
		{526931AF-3CFB-47A8-B2C0-377E4992BBC3}.Release|Any CPU.ActiveCfg = Release|Any CPU
		{526931AF-3CFB-47A8-B2C0-377E4992BBC3}.Release|Any CPU.Build.0 = Release|Any CPU
		{526931AF-3CFB-47A8-B2C0-377E4992BBC3}.Release|x64.ActiveCfg = Release|Any CPU
		{526931AF-3CFB-47A8-B2C0-377E4992BBC3}.Release|x64.Build.0 = Release|Any CPU
		{526931AF-3CFB-47A8-B2C0-377E4992BBC3}.Release|x86.ActiveCfg = Release|Any CPU
		{526931AF-3CFB-47A8-B2C0-377E4992BBC3}.Release|x86.Build.0 = Release|Any CPU
		{E4D720DE-183F-4309-AD9B-3DCE1B8CDAC2}.Debug|Any CPU.ActiveCfg = Debug|Any CPU
		{E4D720DE-183F-4309-AD9B-3DCE1B8CDAC2}.Debug|Any CPU.Build.0 = Debug|Any CPU
		{E4D720DE-183F-4309-AD9B-3DCE1B8CDAC2}.Debug|x64.ActiveCfg = Debug|Any CPU
		{E4D720DE-183F-4309-AD9B-3DCE1B8CDAC2}.Debug|x64.Build.0 = Debug|Any CPU
		{E4D720DE-183F-4309-AD9B-3DCE1B8CDAC2}.Debug|x86.ActiveCfg = Debug|Any CPU
		{E4D720DE-183F-4309-AD9B-3DCE1B8CDAC2}.Debug|x86.Build.0 = Debug|Any CPU
		{E4D720DE-183F-4309-AD9B-3DCE1B8CDAC2}.Release|Any CPU.ActiveCfg = Release|Any CPU
		{E4D720DE-183F-4309-AD9B-3DCE1B8CDAC2}.Release|Any CPU.Build.0 = Release|Any CPU
		{E4D720DE-183F-4309-AD9B-3DCE1B8CDAC2}.Release|x64.ActiveCfg = Release|Any CPU
		{E4D720DE-183F-4309-AD9B-3DCE1B8CDAC2}.Release|x64.Build.0 = Release|Any CPU
		{E4D720DE-183F-4309-AD9B-3DCE1B8CDAC2}.Release|x86.ActiveCfg = Release|Any CPU
		{E4D720DE-183F-4309-AD9B-3DCE1B8CDAC2}.Release|x86.Build.0 = Release|Any CPU
		{53426F66-F194-48B5-9F46-33829A141E98}.Debug|Any CPU.ActiveCfg = Debug|Any CPU
		{53426F66-F194-48B5-9F46-33829A141E98}.Debug|Any CPU.Build.0 = Debug|Any CPU
		{53426F66-F194-48B5-9F46-33829A141E98}.Debug|x64.ActiveCfg = Debug|Any CPU
		{53426F66-F194-48B5-9F46-33829A141E98}.Debug|x64.Build.0 = Debug|Any CPU
		{53426F66-F194-48B5-9F46-33829A141E98}.Debug|x86.ActiveCfg = Debug|Any CPU
		{53426F66-F194-48B5-9F46-33829A141E98}.Debug|x86.Build.0 = Debug|Any CPU
		{53426F66-F194-48B5-9F46-33829A141E98}.Release|Any CPU.ActiveCfg = Release|Any CPU
		{53426F66-F194-48B5-9F46-33829A141E98}.Release|Any CPU.Build.0 = Release|Any CPU
		{53426F66-F194-48B5-9F46-33829A141E98}.Release|x64.ActiveCfg = Release|Any CPU
		{53426F66-F194-48B5-9F46-33829A141E98}.Release|x64.Build.0 = Release|Any CPU
		{53426F66-F194-48B5-9F46-33829A141E98}.Release|x86.ActiveCfg = Release|Any CPU
		{53426F66-F194-48B5-9F46-33829A141E98}.Release|x86.Build.0 = Release|Any CPU
		{260A090D-AC62-41B0-B682-56B1A8C006E3}.Debug|Any CPU.ActiveCfg = Debug|Any CPU
		{260A090D-AC62-41B0-B682-56B1A8C006E3}.Debug|Any CPU.Build.0 = Debug|Any CPU
		{260A090D-AC62-41B0-B682-56B1A8C006E3}.Debug|x64.ActiveCfg = Debug|Any CPU
		{260A090D-AC62-41B0-B682-56B1A8C006E3}.Debug|x64.Build.0 = Debug|Any CPU
		{260A090D-AC62-41B0-B682-56B1A8C006E3}.Debug|x86.ActiveCfg = Debug|Any CPU
		{260A090D-AC62-41B0-B682-56B1A8C006E3}.Debug|x86.Build.0 = Debug|Any CPU
		{260A090D-AC62-41B0-B682-56B1A8C006E3}.Release|Any CPU.ActiveCfg = Release|Any CPU
		{260A090D-AC62-41B0-B682-56B1A8C006E3}.Release|Any CPU.Build.0 = Release|Any CPU
		{260A090D-AC62-41B0-B682-56B1A8C006E3}.Release|x64.ActiveCfg = Release|Any CPU
		{260A090D-AC62-41B0-B682-56B1A8C006E3}.Release|x64.Build.0 = Release|Any CPU
		{260A090D-AC62-41B0-B682-56B1A8C006E3}.Release|x86.ActiveCfg = Release|Any CPU
		{260A090D-AC62-41B0-B682-56B1A8C006E3}.Release|x86.Build.0 = Release|Any CPU
		{86EEA46C-2975-4E06-B33F-C944D2DB223D}.Debug|Any CPU.ActiveCfg = Debug|Any CPU
		{86EEA46C-2975-4E06-B33F-C944D2DB223D}.Debug|Any CPU.Build.0 = Debug|Any CPU
		{86EEA46C-2975-4E06-B33F-C944D2DB223D}.Debug|x64.ActiveCfg = Debug|Any CPU
		{86EEA46C-2975-4E06-B33F-C944D2DB223D}.Debug|x64.Build.0 = Debug|Any CPU
		{86EEA46C-2975-4E06-B33F-C944D2DB223D}.Debug|x86.ActiveCfg = Debug|Any CPU
		{86EEA46C-2975-4E06-B33F-C944D2DB223D}.Debug|x86.Build.0 = Debug|Any CPU
		{86EEA46C-2975-4E06-B33F-C944D2DB223D}.Release|Any CPU.ActiveCfg = Release|Any CPU
		{86EEA46C-2975-4E06-B33F-C944D2DB223D}.Release|Any CPU.Build.0 = Release|Any CPU
		{86EEA46C-2975-4E06-B33F-C944D2DB223D}.Release|x64.ActiveCfg = Release|Any CPU
		{86EEA46C-2975-4E06-B33F-C944D2DB223D}.Release|x64.Build.0 = Release|Any CPU
		{86EEA46C-2975-4E06-B33F-C944D2DB223D}.Release|x86.ActiveCfg = Release|Any CPU
		{86EEA46C-2975-4E06-B33F-C944D2DB223D}.Release|x86.Build.0 = Release|Any CPU
	EndGlobalSection
	GlobalSection(NestedProjects) = preSolution
		{526931AF-3CFB-47A8-B2C0-377E4992BBC3} = {06F5FA4A-1670-4B0F-945D-3CCF52074698}
		{E4D720DE-183F-4309-AD9B-3DCE1B8CDAC2} = {06F5FA4A-1670-4B0F-945D-3CCF52074698}
		{53426F66-F194-48B5-9F46-33829A141E98} = {06F5FA4A-1670-4B0F-945D-3CCF52074698}
		{260A090D-AC62-41B0-B682-56B1A8C006E3} = {06F5FA4A-1670-4B0F-945D-3CCF52074698}
		{86EEA46C-2975-4E06-B33F-C944D2DB223D} = {BDF61BCC-9F7C-4D29-9567-535ACEA81892}
	EndGlobalSection
EndGlobal
