
Microsoft Visual Studio Solution File, Format Version 12.00
# Visual Studio 15
VisualStudioVersion = 15.0.26124.0
MinimumVisualStudioVersion = 15.0.26124.0
Project("{2150E333-8FDC-42A3-9474-1A3956D46DE8}") = "src", "src", "{06F5FA4A-1670-4B0F-945D-3CCF52074698}"
EndProject
Project("{FAE04EC0-301F-11D3-BF4B-00C04F79EFBC}") = "Market.Web", "src\Market.Web\Market.Web.csproj", "{526931AF-3CFB-47A8-B2C0-377E4992BBC3}"
EndProject
Global
	GlobalSection(SolutionConfigurationPlatforms) = preSolution
		Debug|Any CPU = Debug|Any CPU
		Debug|x64 = Debug|x64
		Debug|x86 = Debug|x86
		Release|Any CPU = Release|Any CPU
		Release|x64 = Release|x64
		Release|x86 = Release|x86
	EndGlobalSection
	GlobalSection(SolutionProperties) = preSolution
		HideSolutionNode = FALSE
	EndGlobalSection
	GlobalSection(ProjectConfigurationPlatforms) = postSolution
		{526931AF-3CFB-47A8-B2C0-377E4992BBC3}.Debug|Any CPU.ActiveCfg = Debug|Any CPU
		{526931AF-3CFB-47A8-B2C0-377E4992BBC3}.Debug|Any CPU.Build.0 = Debug|Any CPU
		{526931AF-3CFB-47A8-B2C0-377E4992BBC3}.Debug|x64.ActiveCfg = Debug|Any CPU
		{526931AF-3CFB-47A8-B2C0-377E4992BBC3}.Debug|x64.Build.0 = Debug|Any CPU
		{526931AF-3CFB-47A8-B2C0-377E4992BBC3}.Debug|x86.ActiveCfg = Debug|Any CPU
		{526931AF-3CFB-47A8-B2C0-377E4992BBC3}.Debug|x86.Build.0 = Debug|Any CPU
		{526931AF-3CFB-47A8-B2C0-377E4992BBC3}.Release|Any CPU.ActiveCfg = Release|Any CPU
		{526931AF-3CFB-47A8-B2C0-377E4992BBC3}.Release|Any CPU.Build.0 = Release|Any CPU
		{526931AF-3CFB-47A8-B2C0-377E4992BBC3}.Release|x64.ActiveCfg = Release|Any CPU
		{526931AF-3CFB-47A8-B2C0-377E4992BBC3}.Release|x64.Build.0 = Release|Any CPU
		{526931AF-3CFB-47A8-B2C0-377E4992BBC3}.Release|x86.ActiveCfg = Release|Any CPU
		{526931AF-3CFB-47A8-B2C0-377E4992BBC3}.Release|x86.Build.0 = Release|Any CPU
	EndGlobalSection
	GlobalSection(NestedProjects) = preSolution
		{526931AF-3CFB-47A8-B2C0-377E4992BBC3} = {06F5FA4A-1670-4B0F-945D-3CCF52074698}
	EndGlobalSection
EndGlobal
